
Microsoft Visual Studio Solution File, Format Version 12.00
# Visual Studio 15
VisualStudioVersion = 15.0.27130.2010
MinimumVisualStudioVersion = 10.0.40219.1
Project("{9A19103F-16F7-4668-BE54-9A1E7A4F7556}") = "ADroper", "ADroper\ADroper.csproj", "{B4886851-BF2E-4499-B8AA-2D6E5B956831}"
EndProject
Project("{9A19103F-16F7-4668-BE54-9A1E7A4F7556}") = "ADroper.Core", "ADroper.Core\ADroper.Core.csproj", "{EBDDD8E6-CE0D-45BA-8009-7E1114ED8A87}"
EndProject
Project("{FAE04EC0-301F-11D3-BF4B-00C04F79EFBC}") = "ADroper.Web", "ADroper.Web\ADroper.Web.csproj", "{BA0BCB04-D1E9-41F9-9C3B-39D8A5E8939B}"
EndProject
Global
	GlobalSection(SolutionConfigurationPlatforms) = preSolution
		Debug|Any CPU = Debug|Any CPU
		Release|Any CPU = Release|Any CPU
	EndGlobalSection
	GlobalSection(ProjectConfigurationPlatforms) = postSolution
		{B4886851-BF2E-4499-B8AA-2D6E5B956831}.Debug|Any CPU.ActiveCfg = Debug|Any CPU
		{B4886851-BF2E-4499-B8AA-2D6E5B956831}.Debug|Any CPU.Build.0 = Debug|Any CPU
		{B4886851-BF2E-4499-B8AA-2D6E5B956831}.Release|Any CPU.ActiveCfg = Release|Any CPU
		{B4886851-BF2E-4499-B8AA-2D6E5B956831}.Release|Any CPU.Build.0 = Release|Any CPU
		{EBDDD8E6-CE0D-45BA-8009-7E1114ED8A87}.Debug|Any CPU.ActiveCfg = Debug|Any CPU
		{EBDDD8E6-CE0D-45BA-8009-7E1114ED8A87}.Debug|Any CPU.Build.0 = Debug|Any CPU
		{EBDDD8E6-CE0D-45BA-8009-7E1114ED8A87}.Release|Any CPU.ActiveCfg = Release|Any CPU
		{EBDDD8E6-CE0D-45BA-8009-7E1114ED8A87}.Release|Any CPU.Build.0 = Release|Any CPU
		{BA0BCB04-D1E9-41F9-9C3B-39D8A5E8939B}.Debug|Any CPU.ActiveCfg = Debug|Any CPU
		{BA0BCB04-D1E9-41F9-9C3B-39D8A5E8939B}.Debug|Any CPU.Build.0 = Debug|Any CPU
		{BA0BCB04-D1E9-41F9-9C3B-39D8A5E8939B}.Release|Any CPU.ActiveCfg = Release|Any CPU
		{BA0BCB04-D1E9-41F9-9C3B-39D8A5E8939B}.Release|Any CPU.Build.0 = Release|Any CPU
	EndGlobalSection
	GlobalSection(SolutionProperties) = preSolution
		HideSolutionNode = FALSE
	EndGlobalSection
	GlobalSection(ExtensibilityGlobals) = postSolution
		SolutionGuid = {373F1CEE-851F-4ABC-84C9-79B580EDB38B}
	EndGlobalSection
EndGlobal
